PODS:
  - LDZFAlertDialog (0.1.4):
    - LDZFAlertDialog/BaseDialog (= 0.1.4)
    - LDZFAlertDialog/DateDialog (= 0.1.4)
    - LDZFAlertDialog/MultiChoiceDialog (= 0.1.4)
    - LDZFAlertDialog/SingleChoiceDialog (= 0.1.4)
  - LDZFAlertDialog/BaseDialog (0.1.4):
    - LDZFCategories
    - LDZFCommon
    - Masonry
  - LDZFAlertDialog/DateDialog (0.1.4):
    - LDZFAlertDialog/BaseDialog
  - LDZFAlertDialog/MultiChoiceDialog (0.1.4):
    - LDZFAlertDialog/BaseDialog
  - LDZFAlertDialog/SingleChoiceDialog (0.1.4):
    - LDZFAlertDialog/BaseDialog
    - LDZFPickerView
  - LDZFCategories (0.1.23):
    - LDZFCategories/Foundation (= 0.1.23)
    - LDZFCategories/QuartzCore (= 0.1.23)
    - LDZFCategories/UIKit (= 0.1.23)
    - LDZFCategories/UnSure (= 0.1.23)
  - LDZFCategories/Foundation (0.1.23)
  - LDZFCategories/QuartzCore (0.1.23)
  - LDZFCategories/UIKit (0.1.23)
  - LDZFCategories/UnSure (0.1.23)
  - LDZFCommon (0.2.2)
  - LDZFPickerView (0.1.0)
  - Masonry (1.1.0)

DEPENDENCIES:
  - LDZFAlertDialog (from `../`)

SPEC REPOS:
  https://github.com/CocoaPods/Specs.git:
    - LDZFCategories
    - LDZFCommon
    - LDZFPickerView
    - Masonry

EXTERNAL SOURCES:
  LDZFAlertDialog:
    :path: "../"

SPEC CHECKSUMS:
  LDZFAlertDialog: ebb784919b7b30eb6f9c62b079eeb591e7fcf853
  LDZFCategories: b27ee8d25ee03f23dfa0234209526fbf2738cb0f
  LDZFCommon: 235eba2151b8cb4773caf7ea71d42245b1279c3a
  LDZFPickerView: 81a4c57fb6f596a0a9d38cd3aefb635ae5ac68ad
  Masonry: 678fab65091a9290e40e2832a55e7ab731aad201

PODFILE CHECKSUM: 3f6b7debd76bd0e869ec450218105352846c1b3f

COCOAPODS: 1.11.2
