PODS:
  - FDFullscreenPopGesture (1.1)
  - LDZFAlertDialog (0.1.0):
    - LDZFAlertDialog/BaseDialog (= 0.1.0)
    - LDZFAlertDialog/DateDialog (= 0.1.0)
    - LDZFAlertDialog/MultiChoiceDialog (= 0.1.0)
    - LDZFAlertDialog/SingleChoiceDialog (= 0.1.0)
  - LDZFAlertDialog/BaseDialog (0.1.0):
    - LDZFCategories
    - LDZFGeneralTools
    - Masonry
  - LDZFAlertDialog/DateDialog (0.1.0):
    - LDZFAlertDialog/BaseDialog
  - LDZFAlertDialog/MultiChoiceDialog (0.1.0):
    - LDZFAlertDialog/BaseDialog
  - LDZFAlertDialog/SingleChoiceDialog (0.1.0):
    - LDZFAlertDialog/BaseDialog
    - LDZFCustomPickerView
  - LDZFCategories (0.1.9):
    - LDZFCategories/Foundation (= 0.1.9)
    - LDZFCategories/QuartzCore (= 0.1.9)
    - LDZFCategories/UIKit (= 0.1.9)
    - LDZFCategories/UnSure (= 0.1.9)
  - LDZFCategories/Foundation (0.1.9)
  - LDZFCategories/QuartzCore (0.1.9)
  - LDZFCategories/UIKit (0.1.9)
  - LDZFCategories/UnSure (0.1.9)
  - LDZFCommon (0.1.6):
    - QMUIKit/QMUICore
  - LDZFCustomPickerView (0.1.0)
  - LDZFGeneralTools (0.1.0):
    - LDZFGeneralTools/DateFormatter (= 0.1.0)
    - LDZFGeneralTools/DeepLinkModel (= 0.1.0)
    - LDZFGeneralTools/DeviceInfo (= 0.1.0)
    - LDZFGeneralTools/FileManager (= 0.1.0)
    - LDZFGeneralTools/IrregularElementsCreator (= 0.1.0)
    - LDZFGeneralTools/JailBreakChecker (= 0.1.0)
    - "LDZFGeneralTools/NSArray+IndexPath (= 0.1.0)"
    - LDZFGeneralTools/NumberFormatter (= 0.1.0)
    - LDZFGeneralTools/Permission (= 0.1.0)
    - LDZFGeneralTools/RegEx (= 0.1.0)
  - LDZFGeneralTools/DateFormatter (0.1.0)
  - LDZFGeneralTools/DeepLinkModel (0.1.0)
  - LDZFGeneralTools/DeviceInfo (0.1.0)
  - LDZFGeneralTools/FileManager (0.1.0)
  - LDZFGeneralTools/IrregularElementsCreator (0.1.0)
  - LDZFGeneralTools/JailBreakChecker (0.1.0)
  - "LDZFGeneralTools/NSArray+IndexPath (0.1.0)"
  - LDZFGeneralTools/NumberFormatter (0.1.0)
  - LDZFGeneralTools/Permission (0.1.0)
  - LDZFGeneralTools/RegEx (0.1.0):
    - RegExCategories
  - LDZFMobileFramework (0.1.10):
    - FDFullscreenPopGesture
    - LDZFCategories
    - LDZFCommon
    - Masonry
  - Masonry (1.1.0)
  - QMUIKit/QMUICore (4.1.3):
    - QMUIKit/QMUILog
    - QMUIKit/QMUIWeakObjectContainer
  - QMUIKit/QMUILog (4.1.3)
  - QMUIKit/QMUIWeakObjectContainer (4.1.3)
  - RegExCategories (1.0)

DEPENDENCIES:
  - LDZFAlertDialog (from `../`)
  - LDZFMobileFramework

SPEC REPOS:
  trunk:
    - FDFullscreenPopGesture
    - LDZFCategories
    - LDZFCommon
    - LDZFCustomPickerView
    - LDZFGeneralTools
    - LDZFMobileFramework
    - Masonry
    - QMUIKit
    - RegExCategories

EXTERNAL SOURCES:
  LDZFAlertDialog:
    :path: "../"

SPEC CHECKSUMS:
  FDFullscreenPopGesture: a8a620179e3d9c40e8e00256dcee1c1a27c6d0f0
  LDZFAlertDialog: 822f21be7c1786dd4c0b1281aa146440ed2f4d61
  LDZFCategories: 90f436b5f4f9ff52058d3cbb74e35ecffeaf2965
  LDZFCommon: 03f15ab654548586b48b4ba7312c2da0f94afd4b
  LDZFCustomPickerView: 22ab502672c4e065201fde4b98a0616f0e1060de
  LDZFGeneralTools: a1f71a1aafe4cfa51b34ed0c06f3b047f4132f31
  LDZFMobileFramework: aa4044bdc8bb6b8b9aa9ebb0cc1aadaf74180cf6
  Masonry: 678fab65091a9290e40e2832a55e7ab731aad201
  QMUIKit: 1063a99f90aedd6e2dd65026ce0df46e6785e67b
  RegExCategories: e68befacacd5bda853c88f70ec745cb2d0cfb89c

PODFILE CHECKSUM: 57c1a3e52e43945a32b0397888eda860b74f27ed

COCOAPODS: 1.11.2
